// !$*UTF8*$!
{
	archiveVersion = 1;
	classes = {
	};
	objectVersion = 50;
	objects = {

/* Begin PBXBuildFile section */
		614B77B5210975BE00132365 /* AppDelegate.m in Sources */ = {isa = PBXBuildFile; fileRef = 614B77B4210975BE00132365 /* AppDelegate.m */; };
		614B77B8210975BE00132365 /* ViewController.m in Sources */ = {isa = PBXBuildFile; fileRef = 614B77B7210975BE00132365 /* ViewController.m */; };
		614B77BB210975BE00132365 /* Main.storyboard in Resources */ = {isa = PBXBuildFile; fileRef = 614B77B9210975BE00132365 /* Main.storyboard */; };
		614B77BD210975C000132365 /* Assets.xcassets in Resources */ = {isa = PBXBuildFile; fileRef = 614B77BC210975C000132365 /* Assets.xcassets */; };
		614B77C0210975C000132365 /* LaunchScreen.storyboard in Resources */ = {isa = PBXBuildFile; fileRef = 614B77BE210975C000132365 /* LaunchScreen.storyboard */; };
		614B77C3210975C000132365 /* main.m in Sources */ = {isa = PBXBuildFile; fileRef = 614B77C2210975C000132365 /* main.m */; };
		614B77CD210975C000132365 /* JJNotifyTests.m in Sources */ = {isa = PBXBuildFile; fileRef = 614B77CC210975C000132365 /* JJNotifyTests.m */; };
		614B77D8210975C100132365 /* JJNotifyUITests.m in Sources */ = {isa = PBXBuildFile; fileRef = 614B77D7210975C100132365 /* JJNotifyUITests.m */; };
		614B77E82109760A00132365 /* JJNotify.m in Sources */ = {isa = PBXBuildFile; fileRef = 614B77E72109760A00132365 /* JJNotify.m */; };
		614B77EB2109794800132365 /* SecondViewController.m in Sources */ = {isa = PBXBuildFile; fileRef = 614B77EA2109794800132365 /* SecondViewController.m */; };
/* End PBXBuildFile section */

/* Begin PBXContainerItemProxy section */
		614B77C9210975C000132365 /* PBXContainerItemProxy */ = {
			isa = PBXContainerItemProxy;
			containerPortal = 614B77A8210975BE00132365 /* Project object */;
			proxyType = 1;
			remoteGlobalIDString = 614B77AF210975BE00132365;
			remoteInfo = JJNotify;
		};
		614B77D4210975C100132365 /* PBXContainerItemProxy */ = {
			isa = PBXContainerItemProxy;
			containerPortal = 614B77A8210975BE00132365 /* Project object */;
			proxyType = 1;
			remoteGlobalIDString = 614B77AF210975BE00132365;
			remoteInfo = JJNotify;
		};
/* End PBXContainerItemProxy section */

/* Begin PBXFileReference section */
		614B77B0210975BE00132365 /* JJNotify.app */ = {isa = PBXFileReference; explicitFileType = wrapper.application; includeInIndex = 0; path = JJNotify.app; sourceTree = BUILT_PRODUCTS_DIR; };
		614B77B3210975BE00132365 /* AppDelegate.h */ = {isa = PBXFileReference; lastKnownFileType = sourcecode.c.h; path = AppDelegate.h; sourceTree = "<group>"; };
		614B77B4210975BE00132365 /* AppDelegate.m */ = {isa = PBXFileReference; lastKnownFileType = sourcecode.c.objc; path = AppDelegate.m; sourceTree = "<group>"; };
		614B77B6210975BE00132365 /* ViewController.h */ = {isa = PBXFileReference; lastKnownFileType = sourcecode.c.h; path = ViewController.h; sourceTree = "<group>"; };
		614B77B7210975BE00132365 /* ViewController.m */ = {isa = PBXFileReference; lastKnownFileType = sourcecode.c.objc; path = ViewController.m; sourceTree = "<group>"; };
		614B77BA210975BE00132365 /* Base */ = {isa = PBXFileReference; lastKnownFileType = file.storyboard; name = Base; path = Base.lproj/Main.storyboard; sourceTree = "<group>"; };
		614B77BC210975C000132365 /* Assets.xcassets */ = {isa = PBXFileReference; lastKnownFileType = folder.assetcatalog; path = Assets.xcassets; sourceTree = "<group>"; };
		614B77BF210975C000132365 /* Base */ = {isa = PBXFileReference; lastKnownFileType = file.storyboard; name = Base; path = Base.lproj/LaunchScreen.storyboard; sourceTree = "<group>"; };
		614B77C1210975C000132365 /* Info.plist */ = {isa = PBXFileReference; lastKnownFileType = text.plist.xml; path = Info.plist; sourceTree = "<group>"; };
		614B77C2210975C000132365 /* main.m */ = {isa = PBXFileReference; lastKnownFileType = sourcecode.c.objc; path = main.m; sourceTree = "<group>"; };
		614B77C8210975C000132365 /* JJNotifyTests.xctest */ = {isa = PBXFileReference; explicitFileType = wrapper.cfbundle; includeInIndex = 0; path = JJNotifyTests.xctest; sourceTree = BUILT_PRODUCTS_DIR; };
		614B77CC210975C000132365 /* JJNotifyTests.m */ = {isa = PBXFileReference; lastKnownFileType = sourcecode.c.objc; path = JJNotifyTests.m; sourceTree = "<group>"; };
		614B77CE210975C000132365 /* Info.plist */ = {isa = PBXFileReference; lastKnownFileType = text.plist.xml; path = Info.plist; sourceTree = "<group>"; };
		614B77D3210975C100132365 /* JJNotifyUITests.xctest */ = {isa = PBXFileReference; explicitFileType = wrapper.cfbundle; includeInIndex = 0; path = JJNotifyUITests.xctest; sourceTree = BUILT_PRODUCTS_DIR; };
		614B77D7210975C100132365 /* JJNotifyUITests.m */ = {isa = PBXFileReference; lastKnownFileType = sourcecode.c.objc; path = JJNotifyUITests.m; sourceTree = "<group>"; };
		614B77D9210975C100132365 /* Info.plist */ = {isa = PBXFileReference; lastKnownFileType = text.plist.xml; path = Info.plist; sourceTree = "<group>"; };
		614B77E62109760A00132365 /* JJNotify.h */ = {isa = PBXFileReference; lastKnownFileType = sourcecode.c.h; path = JJNotify.h; sourceTree = "<group>"; };
		614B77E72109760A00132365 /* JJNotify.m */ = {isa = PBXFileReference; lastKnownFileType = sourcecode.c.objc; path = JJNotify.m; sourceTree = "<group>"; };
		614B77E92109794800132365 /* SecondViewController.h */ = {isa = PBXFileReference; lastKnownFileType = sourcecode.c.h; path = SecondViewController.h; sourceTree = "<group>"; };
		614B77EA2109794800132365 /* SecondViewController.m */ = {isa = PBXFileReference; lastKnownFileType = sourcecode.c.objc; path = SecondViewController.m; sourceTree = "<group>"; };
/* End PBXFileReference section */

/* Begin PBXFrameworksBuildPhase section */
		614B77AD210975BE00132365 /* Frameworks */ = {
			isa = PBXFrameworksBuildPhase;
			buildActionMask = 2147483647;
			files = (
			);
			runOnlyForDeploymentPostprocessing = 0;
		};
		614B77C5210975C000132365 /* Frameworks */ = {
			isa = PBXFrameworksBuildPhase;
			buildActionMask = 2147483647;
			files = (
			);
			runOnlyForDeploymentPostprocessing = 0;
		};
		614B77D0210975C100132365 /* Frameworks */ = {
			isa = PBXFrameworksBuildPhase;
			buildActionMask = 2147483647;
			files = (
			);
			runOnlyForDeploymentPostprocessing = 0;
		};
/* End PBXFrameworksBuildPhase section */

/* Begin PBXGroup section */
		614B77A7210975BE00132365 = {
			isa = PBXGroup;
			children = (
				614B77B2210975BE00132365 /* JJNotify */,
				614B77CB210975C000132365 /* JJNotifyTests */,
				614B77D6210975C100132365 /* JJNotifyUITests */,
				614B77B1210975BE00132365 /* Products */,
			);
			sourceTree = "<group>";
		};
		614B77B1210975BE00132365 /* Products */ = {
			isa = PBXGroup;
			children = (
				614B77B0210975BE00132365 /* JJNotify.app */,
				614B77C8210975C000132365 /* JJNotifyTests.xctest */,
				614B77D3210975C100132365 /* JJNotifyUITests.xctest */,
			);
			name = Products;
			sourceTree = "<group>";
		};
		614B77B2210975BE00132365 /* JJNotify */ = {
			isa = PBXGroup;
			children = (
				614B77B3210975BE00132365 /* AppDelegate.h */,
				614B77B4210975BE00132365 /* AppDelegate.m */,
				614B77B6210975BE00132365 /* ViewController.h */,
				614B77B7210975BE00132365 /* ViewController.m */,
				614B77E92109794800132365 /* SecondViewController.h */,
				614B77EA2109794800132365 /* SecondViewController.m */,
				614B77E5210975DE00132365 /* JJNotify */,
				614B77B9210975BE00132365 /* Main.storyboard */,
				614B77BC210975C000132365 /* Assets.xcassets */,
				614B77BE210975C000132365 /* LaunchScreen.storyboard */,
				614B77C1210975C000132365 /* Info.plist */,
				614B77C2210975C000132365 /* main.m */,
			);
			path = JJNotify;
			sourceTree = "<group>";
		};
		614B77CB210975C000132365 /* JJNotifyTests */ = {
			isa = PBXGroup;
			children = (
				614B77CC210975C000132365 /* JJNotifyTests.m */,
				614B77CE210975C000132365 /* Info.plist */,
			);
			path = JJNotifyTests;
			sourceTree = "<group>";
		};
		614B77D6210975C100132365 /* JJNotifyUITests */ = {
			isa = PBXGroup;
			children = (
				614B77D7210975C100132365 /* JJNotifyUITests.m */,
				614B77D9210975C100132365 /* Info.plist */,
			);
			path = JJNotifyUITests;
			sourceTree = "<group>";
		};
		614B77E5210975DE00132365 /* JJNotify */ = {
			isa = PBXGroup;
			children = (
				614B77E62109760A00132365 /* JJNotify.h */,
				614B77E72109760A00132365 /* JJNotify.m */,
			);
			path = JJNotify;
			sourceTree = "<group>";
		};
/* End PBXGroup section */

/* Begin PBXNativeTarget section */
		614B77AF210975BE00132365 /* JJNotify */ = {
			isa = PBXNativeTarget;
			buildConfigurationList = 614B77DC210975C100132365 /* Build configuration list for PBXNativeTarget "JJNotify" */;
			buildPhases = (
				614B77AC210975BE00132365 /* Sources */,
				614B77AD210975BE00132365 /* Frameworks */,
				614B77AE210975BE00132365 /* Resources */,
			);
			buildRules = (
			);
			dependencies = (
			);
			name = JJNotify;
			productName = JJNotify;
			productReference = 614B77B0210975BE00132365 /* JJNotify.app */;
			productType = "com.apple.product-type.application";
		};
		614B77C7210975C000132365 /* JJNotifyTests */ = {
			isa = PBXNativeTarget;
			buildConfigurationList = 614B77DF210975C100132365 /* Build configuration list for PBXNativeTarget "JJNotifyTests" */;
			buildPhases = (
				614B77C4210975C000132365 /* Sources */,
				614B77C5210975C000132365 /* Frameworks */,
				614B77C6210975C000132365 /* Resources */,
			);
			buildRules = (
			);
			dependencies = (
				614B77CA210975C000132365 /* PBXTargetDependency */,
			);
			name = JJNotifyTests;
			productName = JJNotifyTests;
			productReference = 614B77C8210975C000132365 /* JJNotifyTests.xctest */;
			productType = "com.apple.product-type.bundle.unit-test";
		};
		614B77D2210975C100132365 /* JJNotifyUITests */ = {
			isa = PBXNativeTarget;
			buildConfigurationList = 614B77E2210975C100132365 /* Build configuration list for PBXNativeTarget "JJNotifyUITests" */;
			buildPhases = (
				614B77CF210975C100132365 /* Sources */,
				614B77D0210975C100132365 /* Frameworks */,
				614B77D1210975C100132365 /* Resources */,
			);
			buildRules = (
			);
			dependencies = (
				614B77D5210975C100132365 /* PBXTargetDependency */,
			);
			name = JJNotifyUITests;
			productName = JJNotifyUITests;
			productReference = 614B77D3210975C100132365 /* JJNotifyUITests.xctest */;
			productType = "com.apple.product-type.bundle.ui-testing";
		};
/* End PBXNativeTarget section */

/* Begin PBXProject section */
		614B77A8210975BE00132365 /* Project object */ = {
			isa = PBXProject;
			attributes = {
				LastUpgradeCheck = 0940;
				ORGANIZATIONNAME = luming;
				TargetAttributes = {
					614B77AF210975BE00132365 = {
						CreatedOnToolsVersion = 9.4.1;
					};
					614B77C7210975C000132365 = {
						CreatedOnToolsVersion = 9.4.1;
						TestTargetID = 614B77AF210975BE00132365;
					};
					614B77D2210975C100132365 = {
						CreatedOnToolsVersion = 9.4.1;
						TestTargetID = 614B77AF210975BE00132365;
					};
				};
			};
			buildConfigurationList = 614B77AB210975BE00132365 /* Build configuration list for PBXProject "JJNotify" */;
			compatibilityVersion = "Xcode 9.3";
			developmentRegion = en;
			hasScannedForEncodings = 0;
			knownRegions = (
				en,
				Base,
			);
			mainGroup = 614B77A7210975BE00132365;
			productRefGroup = 614B77B1210975BE00132365 /* Products */;
			projectDirPath = "";
			projectRoot = "";
			targets = (
				614B77AF210975BE00132365 /* JJNotify */,
				614B77C7210975C000132365 /* JJNotifyTests */,
				614B77D2210975C100132365 /* JJNotifyUITests */,
			);
		};
/* End PBXProject section */

/* Begin PBXResourcesBuildPhase section */
		614B77AE210975BE00132365 /* Resources */ = {
			isa = PBXResourcesBuildPhase;
			buildActionMask = 2147483647;
			files = (
				614B77C0210975C000132365 /* LaunchScreen.storyboard in Resources */,
				614B77BD210975C000132365 /* Assets.xcassets in Resources */,
				614B77BB210975BE00132365 /* Main.storyboard in Resources */,
			);
			runOnlyForDeploymentPostprocessing = 0;
		};
		614B77C6210975C000132365 /* Resources */ = {
			isa = PBXResourcesBuildPhase;
			buildActionMask = 2147483647;
			files = (
			);
			runOnlyForDeploymentPostprocessing = 0;
		};
		614B77D1210975C100132365 /* Resources */ = {
			isa = PBXResourcesBuildPhase;
			buildActionMask = 2147483647;
			files = (
			);
			runOnlyForDeploymentPostprocessing = 0;
		};
/* End PBXResourcesBuildPhase section */

/* Begin PBXSourcesBuildPhase section */
		614B77AC210975BE00132365 /* Sources */ = {
			isa = PBXSourcesBuildPhase;
			buildActionMask = 2147483647;
			files = (
				614B77EB2109794800132365 /* SecondViewController.m in Sources */,
				614B77B8210975BE00132365 /* ViewController.m in Sources */,
				614B77C3210975C000132365 /* main.m in Sources */,
				614B77E82109760A00132365 /* JJNotify.m in Sources */,
				614B77B5210975BE00132365 /* AppDelegate.m in Sources */,
			);
			runOnlyForDeploymentPostprocessing = 0;
		};
		614B77C4210975C000132365 /* Sources */ = {
			isa = PBXSourcesBuildPhase;
			buildActionMask = 2147483647;
			files = (
				614B77CD210975C000132365 /* JJNotifyTests.m in Sources */,
			);
			runOnlyForDeploymentPostprocessing = 0;
		};
		614B77CF210975C100132365 /* Sources */ = {
			isa = PBXSourcesBuildPhase;
			buildActionMask = 2147483647;
			files = (
				614B77D8210975C100132365 /* JJNotifyUITests.m in Sources */,
			);
			runOnlyForDeploymentPostprocessing = 0;
		};
/* End PBXSourcesBuildPhase section */

/* Begin PBXTargetDependency section */
		614B77CA210975C000132365 /* PBXTargetDependency */ = {
			isa = PBXTargetDependency;
			target = 614B77AF210975BE00132365 /* JJNotify */;
			targetProxy = 614B77C9210975C000132365 /* PBXContainerItemProxy */;
		};
		614B77D5210975C100132365 /* PBXTargetDependency */ = {
			isa = PBXTargetDependency;
			target = 614B77AF210975BE00132365 /* JJNotify */;
			targetProxy = 614B77D4210975C100132365 /* PBXContainerItemProxy */;
		};
/* End PBXTargetDependency section */

/* Begin PBXVariantGroup section */
		614B77B9210975BE00132365 /* Main.storyboard */ = {
			isa = PBXVariantGroup;
			children = (
				614B77BA210975BE00132365 /* Base */,
			);
			name = Main.storyboard;
			sourceTree = "<group>";
		};
		614B77BE210975C000132365 /* LaunchScreen.storyboard */ = {
			isa = PBXVariantGroup;
			children = (
				614B77BF210975C000132365 /* Base */,
			);
			name = LaunchScreen.storyboard;
			sourceTree = "<group>";
		};
/* End PBXVariantGroup section */

/* Begin XCBuildConfiguration section */
		614B77DA210975C100132365 /* Debug */ = {
			isa = XCBuildConfiguration;
			buildSettings = {
				ALWAYS_SEARCH_USER_PATHS = NO;
				CLANG_ANALYZER_NONNULL = YES;
				CLANG_ANALYZER_NUMBER_OBJECT_CONVERSION = YES_AGGRESSIVE;
				CLANG_CXX_LANGUAGE_STANDARD = "gnu++14";
				CLANG_CXX_LIBRARY = "libc++";
				CLANG_ENABLE_MODULES = YES;
				CLANG_ENABLE_OBJC_ARC = YES;
				CLANG_ENABLE_OBJC_WEAK = YES;
				CLANG_WARN_BLOCK_CAPTURE_AUTORELEASING = YES;
				CLANG_WARN_BOOL_CONVERSION = YES;
				CLANG_WARN_COMMA = YES;
				CLANG_WARN_CONSTANT_CONVERSION = YES;
				CLANG_WARN_DEPRECATED_OBJC_IMPLEMENTATIONS = YES;
				CLANG_WARN_DIRECT_OBJC_ISA_USAGE = YES_ERROR;
				CLANG_WARN_DOCUMENTATION_COMMENTS = YES;
				CLANG_WARN_EMPTY_BODY = YES;
				CLANG_WARN_ENUM_CONVERSION = YES;
				CLANG_WARN_INFINITE_RECURSION = YES;
				CLANG_WARN_INT_CONVERSION = YES;
				CLANG_WARN_NON_LITERAL_NULL_CONVERSION = YES;
				CLANG_WARN_OBJC_IMPLICIT_RETAIN_SELF = YES;
				CLANG_WARN_OBJC_LITERAL_CONVERSION = YES;
				CLANG_WARN_OBJC_ROOT_CLASS = YES_ERROR;
				CLANG_WARN_RANGE_LOOP_ANALYSIS = YES;
				CLANG_WARN_STRICT_PROTOTYPES = YES;
				CLANG_WARN_SUSPICIOUS_MOVE = YES;
				CLANG_WARN_UNGUARDED_AVAILABILITY = YES_AGGRESSIVE;
				CLANG_WARN_UNREACHABLE_CODE = YES;
				CLANG_WARN__DUPLICATE_METHOD_MATCH = YES;
				CODE_SIGN_IDENTITY = "iPhone Developer";
				COPY_PHASE_STRIP = NO;
				DEBUG_INFORMATION_FORMAT = dwarf;
				ENABLE_STRICT_OBJC_MSGSEND = YES;
				ENABLE_TESTABILITY = YES;
				GCC_C_LANGUAGE_STANDARD = gnu11;
				GCC_DYNAMIC_NO_PIC = NO;
				GCC_NO_COMMON_BLOCKS = YES;
				GCC_OPTIMIZATION_LEVEL = 0;
				GCC_PREPROCESSOR_DEFINITIONS = (
					"DEBUG=1",
					"$(inherited)",
				);
				GCC_WARN_64_TO_32_BIT_CONVERSION = YES;
				GCC_WARN_ABOUT_RETURN_TYPE = YES_ERROR;
				GCC_WARN_UNDECLARED_SELECTOR = YES;
				GCC_WARN_UNINITIALIZED_AUTOS = YES_AGGRESSIVE;
				GCC_WARN_UNUSED_FUNCTION = YES;
				GCC_WARN_UNUSED_VARIABLE = YES;
				IPHONEOS_DEPLOYMENT_TARGET = 11.4;
				MTL_ENABLE_DEBUG_INFO = YES;
				ONLY_ACTIVE_ARCH = YES;
				SDKROOT = iphoneos;
			};
			name = Debug;
		};
		614B77DB210975C100132365 /* Release */ = {
			isa = XCBuildConfiguration;
			buildSettings = {
				ALWAYS_SEARCH_USER_PATHS = NO;
				CLANG_ANALYZER_NONNULL = YES;
				CLANG_ANALYZER_NUMBER_OBJECT_CONVERSION = YES_AGGRESSIVE;
				CLANG_CXX_LANGUAGE_STANDARD = "gnu++14";
				CLANG_CXX_LIBRARY = "libc++";
				CLANG_ENABLE_MODULES = YES;
				CLANG_ENABLE_OBJC_ARC = YES;
				CLANG_ENABLE_OBJC_WEAK = YES;
				CLANG_WARN_BLOCK_CAPTURE_AUTORELEASING = YES;
				CLANG_WARN_BOOL_CONVERSION = YES;
				CLANG_WARN_COMMA = YES;
				CLANG_WARN_CONSTANT_CONVERSION = YES;
				CLANG_WARN_DEPRECATED_OBJC_IMPLEMENTATIONS = YES;
				CLANG_WARN_DIRECT_OBJC_ISA_USAGE = YES_ERROR;
				CLANG_WARN_DOCUMENTATION_COMMENTS = YES;
				CLANG_WARN_EMPTY_BODY = YES;
				CLANG_WARN_ENUM_CONVERSION = YES;
				CLANG_WARN_INFINITE_RECURSION = YES;
				CLANG_WARN_INT_CONVERSION = YES;
				CLANG_WARN_NON_LITERAL_NULL_CONVERSION = YES;
				CLANG_WARN_OBJC_IMPLICIT_RETAIN_SELF = YES;
				CLANG_WARN_OBJC_LITERAL_CONVERSION = YES;
				CLANG_WARN_OBJC_ROOT_CLASS = YES_ERROR;
				CLANG_WARN_RANGE_LOOP_ANALYSIS = YES;
				CLANG_WARN_STRICT_PROTOTYPES = YES;
				CLANG_WARN_SUSPICIOUS_MOVE = YES;
				CLANG_WARN_UNGUARDED_AVAILABILITY = YES_AGGRESSIVE;
				CLANG_WARN_UNREACHABLE_CODE = YES;
				CLANG_WARN__DUPLICATE_METHOD_MATCH = YES;
				CODE_SIGN_IDENTITY = "iPhone Developer";
				COPY_PHASE_STRIP = NO;
				DEBUG_INFORMATION_FORMAT = "dwarf-with-dsym";
				ENABLE_NS_ASSERTIONS = NO;
				ENABLE_STRICT_OBJC_MSGSEND = YES;
				GCC_C_LANGUAGE_STANDARD = gnu11;
				GCC_NO_COMMON_BLOCKS = YES;
				GCC_WARN_64_TO_32_BIT_CONVERSION = YES;
				GCC_WARN_ABOUT_RETURN_TYPE = YES_ERROR;
				GCC_WARN_UNDECLARED_SELECTOR = YES;
				GCC_WARN_UNINITIALIZED_AUTOS = YES_AGGRESSIVE;
				GCC_WARN_UNUSED_FUNCTION = YES;
				GCC_WARN_UNUSED_VARIABLE = YES;
				IPHONEOS_DEPLOYMENT_TARGET = 11.4;
				MTL_ENABLE_DEBUG_INFO = NO;
				SDKROOT = iphoneos;
				VALIDATE_PRODUCT = YES;
			};
			name = Release;
		};
		614B77DD210975C100132365 /* Debug */ = {
			isa = XCBuildConfiguration;
			buildSettings = {
				ASSETCATALOG_COMPILER_APPICON_NAME = AppIcon;
				CODE_SIGN_STYLE = Manual;
				DEVELOPMENT_TEAM = "";
				INFOPLIST_FILE = JJNotify/Info.plist;
				IPHONEOS_DEPLOYMENT_TARGET = 9.0;
				LD_RUNPATH_SEARCH_PATHS = (
					"$(inherited)",
					"@executable_path/Frameworks",
				);
				PRODUCT_BUNDLE_IDENTIFIER = luming.JJNotify;
				PRODUCT_NAME = "$(TARGET_NAME)";
				PROVISIONING_PROFILE_SPECIFIER = "";
				TARGETED_DEVICE_FAMILY = "1,2";
			};
			name = Debug;
		};
		614B77DE210975C100132365 /* Release */ = {
			isa = XCBuildConfiguration;
			buildSettings = {
				ASSETCATALOG_COMPILER_APPICON_NAME = AppIcon;
				CODE_SIGN_STYLE = Manual;
				DEVELOPMENT_TEAM = "";
				INFOPLIST_FILE = JJNotify/Info.plist;
				IPHONEOS_DEPLOYMENT_TARGET = 9.0;
				LD_RUNPATH_SEARCH_PATHS = (
					"$(inherited)",
					"@executable_path/Frameworks",
				);
				PRODUCT_BUNDLE_IDENTIFIER = luming.JJNotify;
				PRODUCT_NAME = "$(TARGET_NAME)";
				PROVISIONING_PROFILE_SPECIFIER = "";
				TARGETED_DEVICE_FAMILY = "1,2";
			};
			name = Release;
		};
		614B77E0210975C100132365 /* Debug */ = {
			isa = XCBuildConfiguration;
			buildSettings = {
				BUNDLE_LOADER = "$(TEST_HOST)";
				CODE_SIGN_STYLE = Automatic;
				INFOPLIST_FILE = JJNotifyTests/Info.plist;
				LD_RUNPATH_SEARCH_PATHS = (
					"$(inherited)",
					"@executable_path/Frameworks",
					"@loader_path/Frameworks",
				);
				PRODUCT_BUNDLE_IDENTIFIER = luming.JJNotifyTests;
				PRODUCT_NAME = "$(TARGET_NAME)";
				TARGETED_DEVICE_FAMILY = "1,2";
				TEST_HOST = "$(BUILT_PRODUCTS_DIR)/JJNotify.app/JJNotify";
			};
			name = Debug;
		};
		614B77E1210975C100132365 /* Release */ = {
			isa = XCBuildConfiguration;
			buildSettings = {
				BUNDLE_LOADER = "$(TEST_HOST)";
				CODE_SIGN_STYLE = Automatic;
				INFOPLIST_FILE = JJNotifyTests/Info.plist;
				LD_RUNPATH_SEARCH_PATHS = (
					"$(inherited)",
					"@executable_path/Frameworks",
					"@loader_path/Frameworks",
				);
				PRODUCT_BUNDLE_IDENTIFIER = luming.JJNotifyTests;
				PRODUCT_NAME = "$(TARGET_NAME)";
				TARGETED_DEVICE_FAMILY = "1,2";
				TEST_HOST = "$(BUILT_PRODUCTS_DIR)/JJNotify.app/JJNotify";
			};
			name = Release;
		};
		614B77E3210975C100132365 /* Debug */ = {
			isa = XCBuildConfiguration;
			buildSettings = {
				CODE_SIGN_STYLE = Automatic;
				INFOPLIST_FILE = JJNotifyUITests/Info.plist;
				LD_RUNPATH_SEARCH_PATHS = (
					"$(inherited)",
					"@executable_path/Frameworks",
					"@loader_path/Frameworks",
				);
				PRODUCT_BUNDLE_IDENTIFIER = luming.JJNotifyUITests;
				PRODUCT_NAME = "$(TARGET_NAME)";
				TARGETED_DEVICE_FAMILY = "1,2";
				TEST_TARGET_NAME = JJNotify;
			};
			name = Debug;
		};
		614B77E4210975C100132365 /* Release */ = {
			isa = XCBuildConfiguration;
			buildSettings = {
				CODE_SIGN_STYLE = Automatic;
				INFOPLIST_FILE = JJNotifyUITests/Info.plist;
				LD_RUNPATH_SEARCH_PATHS = (
					"$(inherited)",
					"@executable_path/Frameworks",
					"@loader_path/Frameworks",
				);
				PRODUCT_BUNDLE_IDENTIFIER = luming.JJNotifyUITests;
				PRODUCT_NAME = "$(TARGET_NAME)";
				TARGETED_DEVICE_FAMILY = "1,2";
				TEST_TARGET_NAME = JJNotify;
			};
			name = Release;
		};
/* End XCBuildConfiguration section */

/* Begin XCConfigurationList section */
		614B77AB210975BE00132365 /* Build configuration list for PBXProject "JJNotify" */ = {
			isa = XCConfigurationList;
			buildConfigurations = (
				614B77DA210975C100132365 /* Debug */,
				614B77DB210975C100132365 /* Release */,
			);
			defaultConfigurationIsVisible = 0;
			defaultConfigurationName = Release;
		};
		614B77DC210975C100132365 /* Build configuration list for PBXNativeTarget "JJNotify" */ = {
			isa = XCConfigurationList;
			buildConfigurations = (
				614B77DD210975C100132365 /* Debug */,
				614B77DE210975C100132365 /* Release */,
			);
			defaultConfigurationIsVisible = 0;
			defaultConfigurationName = Release;
		};
		614B77DF210975C100132365 /* Build configuration list for PBXNativeTarget "JJNotifyTests" */ = {
			isa = XCConfigurationList;
			buildConfigurations = (
				614B77E0210975C100132365 /* Debug */,
				614B77E1210975C100132365 /* Release */,
			);
			defaultConfigurationIsVisible = 0;
			defaultConfigurationName = Release;
		};
		614B77E2210975C100132365 /* Build configuration list for PBXNativeTarget "JJNotifyUITests" */ = {
			isa = XCConfigurationList;
			buildConfigurations = (
				614B77E3210975C100132365 /* Debug */,
				614B77E4210975C100132365 /* Release */,
			);
			defaultConfigurationIsVisible = 0;
			defaultConfigurationName = Release;
		};
/* End XCConfigurationList section */
	};
	rootObject = 614B77A8210975BE00132365 /* Project object */;
}
